
Microsoft Visual Studio Solution File, Format Version 12.00
# Visual Studio Version 16
VisualStudioVersion = 16.0.30907.101
MinimumVisualStudioVersion = 10.0.40219.1
Project("{FAE04EC0-301F-11D3-BF4B-00C04F79EFBC}") = "Inizio", "Inizio\Inizio.csproj", "{4BA49891-6D1D-4080-9BB5-32EBCA0AA57A}"
EndProject
Global
	GlobalSection(SolutionConfigurationPlatforms) = preSolution
		Debug|Any CPU = Debug|Any CPU
		Release|Any CPU = Release|Any CPU
	EndGlobalSection
	GlobalSection(ProjectConfigurationPlatforms) = postSolution
		{4BA49891-6D1D-4080-9BB5-32EBCA0AA57A}.Debug|Any CPU.ActiveCfg = Debug|Any CPU
		{4BA49891-6D1D-4080-9BB5-32EBCA0AA57A}.Debug|Any CPU.Build.0 = Debug|Any CPU
		{4BA49891-6D1D-4080-9BB5-32EBCA0AA57A}.Release|Any CPU.ActiveCfg = Release|Any CPU
		{4BA49891-6D1D-4080-9BB5-32EBCA0AA57A}.Release|Any CPU.Build.0 = Release|Any CPU
	EndGlobalSection
	GlobalSection(SolutionProperties) = preSolution
		HideSolutionNode = FALSE
	EndGlobalSection
	GlobalSection(ExtensibilityGlobals) = postSolution
		SolutionGuid = {52BE7340-D1F6-4833-8FE2-37BB02A5A4AE}
	EndGlobalSection
EndGlobal
